
Microsoft Visual Studio Solution File, Format Version 12.00
# Visual Studio 15
VisualStudioVersion = 15.0.28307.902
MinimumVisualStudioVersion = 10.0.40219.1
Project("{FAE04EC0-301F-11D3-BF4B-00C04F79EFBC}") = "ExerciseEmployeesApp", "ExerciseEmployeesApp\ExerciseEmployeesApp.csproj", "{3B8390F9-1F69-4318-8078-F02811FCA9D2}"
EndProject
Global
	GlobalSection(SolutionConfigurationPlatforms) = preSolution
		Debug|Any CPU = Debug|Any CPU
		Release|Any CPU = Release|Any CPU
	EndGlobalSection
	GlobalSection(ProjectConfigurationPlatforms) = postSolution
		{3B8390F9-1F69-4318-8078-F02811FCA9D2}.Debug|Any CPU.ActiveCfg = Debug|Any CPU
		{3B8390F9-1F69-4318-8078-F02811FCA9D2}.Debug|Any CPU.Build.0 = Debug|Any CPU
		{3B8390F9-1F69-4318-8078-F02811FCA9D2}.Release|Any CPU.ActiveCfg = Release|Any CPU
		{3B8390F9-1F69-4318-8078-F02811FCA9D2}.Release|Any CPU.Build.0 = Release|Any CPU
	EndGlobalSection
	GlobalSection(SolutionProperties) = preSolution
		HideSolutionNode = FALSE
	EndGlobalSection
	GlobalSection(ExtensibilityGlobals) = postSolution
		SolutionGuid = {50C6F84F-1164-433F-9099-5D6FA24EB5A4}
	EndGlobalSection
EndGlobal
